
Microsoft Visual Studio Solution File, Format Version 12.00
# Visual Studio Version 17
VisualStudioVersion = 17.3.32804.467
MinimumVisualStudioVersion = 10.0.40219.1
Project("{FAE04EC0-301F-11D3-BF4B-00C04F79EFBC}") = "DoorDownloader", "DoorDownloader.csproj", "{FFB1BB66-8102-4940-BBCC-51E7EDC00A60}"
EndProject
Global
	GlobalSection(SolutionConfigurationPlatforms) = preSolution
		Debug|Any CPU = Debug|Any CPU
		Release|Any CPU = Release|Any CPU
	EndGlobalSection
	GlobalSection(ProjectConfigurationPlatforms) = postSolution
		{FFB1BB66-8102-4940-BBCC-51E7EDC00A60}.Debug|Any CPU.ActiveCfg = Debug|Any CPU
		{FFB1BB66-8102-4940-BBCC-51E7EDC00A60}.Debug|Any CPU.Build.0 = Debug|Any CPU
		{FFB1BB66-8102-4940-BBCC-51E7EDC00A60}.Release|Any CPU.ActiveCfg = Release|Any CPU
		{FFB1BB66-8102-4940-BBCC-51E7EDC00A60}.Release|Any CPU.Build.0 = Release|Any CPU
	EndGlobalSection
	GlobalSection(SolutionProperties) = preSolution
		HideSolutionNode = FALSE
	EndGlobalSection
	GlobalSection(ExtensibilityGlobals) = postSolution
		SolutionGuid = {813211B2-8D54-4728-823B-45BD0EB296E0}
	EndGlobalSection
EndGlobal
